
Microsoft Visual Studio Solution File, Format Version 12.00
Project("{FAE04EC0-301F-11D3-BF4B-00C04F79EFBC}") = "WebApp", "WebApp\WebApp.csproj", "{7B838250-745B-41F5-AF6B-2028EDD133AD}"
EndProject
Project("{2150E333-8FDC-42A3-9474-1A3956D46DE8}") = "Solution Items", "Solution Items", "{F14A1388-3928-41A2-B4CB-06EFA63C4CA9}"
	ProjectSection(SolutionItems) = preProject
		.gitignore = .gitignore
		README.md = README.md
	EndProjectSection
EndProject
Project("{2150E333-8FDC-42A3-9474-1A3956D46DE8}") = "App", "App", "{9FDC5FDB-1511-46F7-98F4-B42099FBA67B}"
EndProject
Project("{2150E333-8FDC-42A3-9474-1A3956D46DE8}") = "Base", "Base", "{509F3AB7-6F2D-4534-A8CC-94E3C29B7A02}"
EndProject
Project("{2150E333-8FDC-42A3-9474-1A3956D46DE8}") = "Base.Contracts", "Base.Contracts", "{943840A5-E860-44E7-B071-76E22E475982}"
EndProject
Project("{FAE04EC0-301F-11D3-BF4B-00C04F79EFBC}") = "Base.Contracts", "Base.Contracts\Base.Contracts\Base.Contracts.csproj", "{BE94D036-CAEB-4B33-B3AA-A999E08BC01D}"
EndProject
Project("{FAE04EC0-301F-11D3-BF4B-00C04F79EFBC}") = "Base.Contracts.BLL", "Base.Contracts\Base.Contracts.BLL\Base.Contracts.BLL.csproj", "{3B550FA5-9997-4D26-B412-03917AFC5EE7}"
EndProject
Project("{FAE04EC0-301F-11D3-BF4B-00C04F79EFBC}") = "Base.Contracts.DAL", "Base.Contracts\Base.Contracts.DAL\Base.Contracts.DAL.csproj", "{740D6243-05E5-4E1D-85AF-106B23D214F0}"
EndProject
Project("{FAE04EC0-301F-11D3-BF4B-00C04F79EFBC}") = "Base.Contracts.Domain", "Base.Contracts\Base.Contracts.Domain\Base.Contracts.Domain.csproj", "{8DC389D7-8609-4B69-8887-3E9702F7C431}"
EndProject
Project("{FAE04EC0-301F-11D3-BF4B-00C04F79EFBC}") = "Base.BLL", "Base.BLL\Base.BLL.csproj", "{BD80DA34-17AF-49E1-A819-DD167107C1C1}"
EndProject
Project("{FAE04EC0-301F-11D3-BF4B-00C04F79EFBC}") = "Base.DAL", "Base.DAL\Base.DAL.csproj", "{D7EC80AB-4B62-42DA-B6BB-58F0C998CFAA}"
EndProject
Project("{FAE04EC0-301F-11D3-BF4B-00C04F79EFBC}") = "Base.DAL.EF", "Base.DAL.EF\Base.DAL.EF.csproj", "{C3215181-4FF8-44CC-AC8C-515BAB32742F}"
EndProject
Project("{FAE04EC0-301F-11D3-BF4B-00C04F79EFBC}") = "Base.Domain", "Base.Domain\Base.Domain.csproj", "{EC4616E9-9023-43E3-8503-729ACA2E4396}"
EndProject
Project("{FAE04EC0-301F-11D3-BF4B-00C04F79EFBC}") = "Base.Resources", "Base.Resources\Base.Resources.csproj", "{4E5F5DF0-7586-4E32-B580-FA62077583DD}"
EndProject
Project("{FAE04EC0-301F-11D3-BF4B-00C04F79EFBC}") = "Base.Extensions", "Base.Extensions\Base.Extensions.csproj", "{0174AF96-53B4-4C6A-8FB9-6E64F3B09DE2}"
EndProject
Global
	GlobalSection(SolutionConfigurationPlatforms) = preSolution
		Debug|Any CPU = Debug|Any CPU
		Release|Any CPU = Release|Any CPU
	EndGlobalSection
	GlobalSection(ProjectConfigurationPlatforms) = postSolution
		{7B838250-745B-41F5-AF6B-2028EDD133AD}.Debug|Any CPU.ActiveCfg = Debug|Any CPU
		{7B838250-745B-41F5-AF6B-2028EDD133AD}.Debug|Any CPU.Build.0 = Debug|Any CPU
		{7B838250-745B-41F5-AF6B-2028EDD133AD}.Release|Any CPU.ActiveCfg = Release|Any CPU
		{7B838250-745B-41F5-AF6B-2028EDD133AD}.Release|Any CPU.Build.0 = Release|Any CPU
		{BE94D036-CAEB-4B33-B3AA-A999E08BC01D}.Debug|Any CPU.ActiveCfg = Debug|Any CPU
		{BE94D036-CAEB-4B33-B3AA-A999E08BC01D}.Debug|Any CPU.Build.0 = Debug|Any CPU
		{BE94D036-CAEB-4B33-B3AA-A999E08BC01D}.Release|Any CPU.ActiveCfg = Release|Any CPU
		{BE94D036-CAEB-4B33-B3AA-A999E08BC01D}.Release|Any CPU.Build.0 = Release|Any CPU
		{3B550FA5-9997-4D26-B412-03917AFC5EE7}.Debug|Any CPU.ActiveCfg = Debug|Any CPU
		{3B550FA5-9997-4D26-B412-03917AFC5EE7}.Debug|Any CPU.Build.0 = Debug|Any CPU
		{3B550FA5-9997-4D26-B412-03917AFC5EE7}.Release|Any CPU.ActiveCfg = Release|Any CPU
		{3B550FA5-9997-4D26-B412-03917AFC5EE7}.Release|Any CPU.Build.0 = Release|Any CPU
		{740D6243-05E5-4E1D-85AF-106B23D214F0}.Debug|Any CPU.ActiveCfg = Debug|Any CPU
		{740D6243-05E5-4E1D-85AF-106B23D214F0}.Debug|Any CPU.Build.0 = Debug|Any CPU
		{740D6243-05E5-4E1D-85AF-106B23D214F0}.Release|Any CPU.ActiveCfg = Release|Any CPU
		{740D6243-05E5-4E1D-85AF-106B23D214F0}.Release|Any CPU.Build.0 = Release|Any CPU
		{8DC389D7-8609-4B69-8887-3E9702F7C431}.Debug|Any CPU.ActiveCfg = Debug|Any CPU
		{8DC389D7-8609-4B69-8887-3E9702F7C431}.Debug|Any CPU.Build.0 = Debug|Any CPU
		{8DC389D7-8609-4B69-8887-3E9702F7C431}.Release|Any CPU.ActiveCfg = Release|Any CPU
		{8DC389D7-8609-4B69-8887-3E9702F7C431}.Release|Any CPU.Build.0 = Release|Any CPU
		{BD80DA34-17AF-49E1-A819-DD167107C1C1}.Debug|Any CPU.ActiveCfg = Debug|Any CPU
		{BD80DA34-17AF-49E1-A819-DD167107C1C1}.Debug|Any CPU.Build.0 = Debug|Any CPU
		{BD80DA34-17AF-49E1-A819-DD167107C1C1}.Release|Any CPU.ActiveCfg = Release|Any CPU
		{BD80DA34-17AF-49E1-A819-DD167107C1C1}.Release|Any CPU.Build.0 = Release|Any CPU
		{D7EC80AB-4B62-42DA-B6BB-58F0C998CFAA}.Debug|Any CPU.ActiveCfg = Debug|Any CPU
		{D7EC80AB-4B62-42DA-B6BB-58F0C998CFAA}.Debug|Any CPU.Build.0 = Debug|Any CPU
		{D7EC80AB-4B62-42DA-B6BB-58F0C998CFAA}.Release|Any CPU.ActiveCfg = Release|Any CPU
		{D7EC80AB-4B62-42DA-B6BB-58F0C998CFAA}.Release|Any CPU.Build.0 = Release|Any CPU
		{C3215181-4FF8-44CC-AC8C-515BAB32742F}.Debug|Any CPU.ActiveCfg = Debug|Any CPU
		{C3215181-4FF8-44CC-AC8C-515BAB32742F}.Debug|Any CPU.Build.0 = Debug|Any CPU
		{C3215181-4FF8-44CC-AC8C-515BAB32742F}.Release|Any CPU.ActiveCfg = Release|Any CPU
		{C3215181-4FF8-44CC-AC8C-515BAB32742F}.Release|Any CPU.Build.0 = Release|Any CPU
		{EC4616E9-9023-43E3-8503-729ACA2E4396}.Debug|Any CPU.ActiveCfg = Debug|Any CPU
		{EC4616E9-9023-43E3-8503-729ACA2E4396}.Debug|Any CPU.Build.0 = Debug|Any CPU
		{EC4616E9-9023-43E3-8503-729ACA2E4396}.Release|Any CPU.ActiveCfg = Release|Any CPU
		{EC4616E9-9023-43E3-8503-729ACA2E4396}.Release|Any CPU.Build.0 = Release|Any CPU
		{4E5F5DF0-7586-4E32-B580-FA62077583DD}.Debug|Any CPU.ActiveCfg = Debug|Any CPU
		{4E5F5DF0-7586-4E32-B580-FA62077583DD}.Debug|Any CPU.Build.0 = Debug|Any CPU
		{4E5F5DF0-7586-4E32-B580-FA62077583DD}.Release|Any CPU.ActiveCfg = Release|Any CPU
		{4E5F5DF0-7586-4E32-B580-FA62077583DD}.Release|Any CPU.Build.0 = Release|Any CPU
		{0174AF96-53B4-4C6A-8FB9-6E64F3B09DE2}.Debug|Any CPU.ActiveCfg = Debug|Any CPU
		{0174AF96-53B4-4C6A-8FB9-6E64F3B09DE2}.Debug|Any CPU.Build.0 = Debug|Any CPU
		{0174AF96-53B4-4C6A-8FB9-6E64F3B09DE2}.Release|Any CPU.ActiveCfg = Release|Any CPU
		{0174AF96-53B4-4C6A-8FB9-6E64F3B09DE2}.Release|Any CPU.Build.0 = Release|Any CPU
	EndGlobalSection
	GlobalSection(NestedProjects) = preSolution
		{7B838250-745B-41F5-AF6B-2028EDD133AD} = {9FDC5FDB-1511-46F7-98F4-B42099FBA67B}
		{BE94D036-CAEB-4B33-B3AA-A999E08BC01D} = {943840A5-E860-44E7-B071-76E22E475982}
		{3B550FA5-9997-4D26-B412-03917AFC5EE7} = {943840A5-E860-44E7-B071-76E22E475982}
		{740D6243-05E5-4E1D-85AF-106B23D214F0} = {943840A5-E860-44E7-B071-76E22E475982}
		{8DC389D7-8609-4B69-8887-3E9702F7C431} = {943840A5-E860-44E7-B071-76E22E475982}
		{BD80DA34-17AF-49E1-A819-DD167107C1C1} = {509F3AB7-6F2D-4534-A8CC-94E3C29B7A02}
		{D7EC80AB-4B62-42DA-B6BB-58F0C998CFAA} = {509F3AB7-6F2D-4534-A8CC-94E3C29B7A02}
		{C3215181-4FF8-44CC-AC8C-515BAB32742F} = {509F3AB7-6F2D-4534-A8CC-94E3C29B7A02}
		{EC4616E9-9023-43E3-8503-729ACA2E4396} = {509F3AB7-6F2D-4534-A8CC-94E3C29B7A02}
		{4E5F5DF0-7586-4E32-B580-FA62077583DD} = {509F3AB7-6F2D-4534-A8CC-94E3C29B7A02}
		{0174AF96-53B4-4C6A-8FB9-6E64F3B09DE2} = {509F3AB7-6F2D-4534-A8CC-94E3C29B7A02}
	EndGlobalSection
EndGlobal
